
Microsoft Visual Studio Solution File, Format Version 12.00
# Visual Studio Version 17
VisualStudioVersion = 17.13.35919.96 d17.13
MinimumVisualStudioVersion = 10.0.40219.1
Project("{FAE04EC0-301F-11D3-BF4B-00C04F79EFBC}") = "dotNET-courseproject-CourseRegister", "dotNET-courseproject-CourseRegister.csproj", "{7D3AE840-2A6F-4476-A369-B4C2D4788DC0}"
EndProject
Global
	GlobalSection(SolutionConfigurationPlatforms) = preSolution
		Debug|Any CPU = Debug|Any CPU
		Release|Any CPU = Release|Any CPU
	EndGlobalSection
	GlobalSection(ProjectConfigurationPlatforms) = postSolution
		{7D3AE840-2A6F-4476-A369-B4C2D4788DC0}.Debug|Any CPU.ActiveCfg = Debug|Any CPU
		{7D3AE840-2A6F-4476-A369-B4C2D4788DC0}.Debug|Any CPU.Build.0 = Debug|Any CPU
		{7D3AE840-2A6F-4476-A369-B4C2D4788DC0}.Release|Any CPU.ActiveCfg = Release|Any CPU
		{7D3AE840-2A6F-4476-A369-B4C2D4788DC0}.Release|Any CPU.Build.0 = Release|Any CPU
	EndGlobalSection
	GlobalSection(SolutionProperties) = preSolution
		HideSolutionNode = FALSE
	EndGlobalSection
	GlobalSection(ExtensibilityGlobals) = postSolution
		SolutionGuid = {645AC0B7-E9E7-4A04-B650-1A0434E1FC13}
	EndGlobalSection
EndGlobal
